
Microsoft Visual Studio Solution File, Format Version 12.00
# Visual Studio Version 17
VisualStudioVersion = 17.11.35312.102
MinimumVisualStudioVersion = 10.0.40219.1
Project("{FAE04EC0-301F-11D3-BF4B-00C04F79EFBC}") = "LogNetWebApi", "LogNetWebApi\LogNetWebApi.csproj", "{8727FAEC-84B0-4249-A67D-98D28AF34490}"
EndProject
Global
	GlobalSection(SolutionConfigurationPlatforms) = preSolution
		Debug|Any CPU = Debug|Any CPU
		Release|Any CPU = Release|Any CPU
	EndGlobalSection
	GlobalSection(ProjectConfigurationPlatforms) = postSolution
		{8727FAEC-84B0-4249-A67D-98D28AF34490}.Debug|Any CPU.ActiveCfg = Debug|Any CPU
		{8727FAEC-84B0-4249-A67D-98D28AF34490}.Debug|Any CPU.Build.0 = Debug|Any CPU
		{8727FAEC-84B0-4249-A67D-98D28AF34490}.Release|Any CPU.ActiveCfg = Release|Any CPU
		{8727FAEC-84B0-4249-A67D-98D28AF34490}.Release|Any CPU.Build.0 = Release|Any CPU
	EndGlobalSection
	GlobalSection(SolutionProperties) = preSolution
		HideSolutionNode = FALSE
	EndGlobalSection
	GlobalSection(ExtensibilityGlobals) = postSolution
		SolutionGuid = {52DCF72B-8A7D-48B9-AD34-01503A7C7173}
	EndGlobalSection
EndGlobal
